
Microsoft Visual Studio Solution File, Format Version 12.00
# Visual Studio Version 17
VisualStudioVersion = 17.8.34309.116
MinimumVisualStudioVersion = 10.0.40219.1
Project("{FAE04EC0-301F-11D3-BF4B-00C04F79EFBC}") = "Movies.Api", "Movies.Api\Movies.Api.csproj", "{1C8A662A-F060-47F5-A3BA-5AF4A90231C8}"
EndProject
Project("{FAE04EC0-301F-11D3-BF4B-00C04F79EFBC}") = "Movies.Application", "Movies.Application\Movies.Application.csproj", "{ED4DCC5C-A31C-4085-BD44-A34F34916855}"
EndProject
Project("{FAE04EC0-301F-11D3-BF4B-00C04F79EFBC}") = "Movies.Contracts", "Movies.Contracts\Movies.Contracts.csproj", "{D58BDDC8-08CE-4128-9CB1-288A1BDA0DF5}"
EndProject
Global
	GlobalSection(SolutionConfigurationPlatforms) = preSolution
		Debug|Any CPU = Debug|Any CPU
		Release|Any CPU = Release|Any CPU
	EndGlobalSection
	GlobalSection(ProjectConfigurationPlatforms) = postSolution
		{1C8A662A-F060-47F5-A3BA-5AF4A90231C8}.Debug|Any CPU.ActiveCfg = Debug|Any CPU
		{1C8A662A-F060-47F5-A3BA-5AF4A90231C8}.Debug|Any CPU.Build.0 = Debug|Any CPU
		{1C8A662A-F060-47F5-A3BA-5AF4A90231C8}.Release|Any CPU.ActiveCfg = Release|Any CPU
		{1C8A662A-F060-47F5-A3BA-5AF4A90231C8}.Release|Any CPU.Build.0 = Release|Any CPU
		{ED4DCC5C-A31C-4085-BD44-A34F34916855}.Debug|Any CPU.ActiveCfg = Debug|Any CPU
		{ED4DCC5C-A31C-4085-BD44-A34F34916855}.Debug|Any CPU.Build.0 = Debug|Any CPU
		{ED4DCC5C-A31C-4085-BD44-A34F34916855}.Release|Any CPU.ActiveCfg = Release|Any CPU
		{ED4DCC5C-A31C-4085-BD44-A34F34916855}.Release|Any CPU.Build.0 = Release|Any CPU
		{D58BDDC8-08CE-4128-9CB1-288A1BDA0DF5}.Debug|Any CPU.ActiveCfg = Debug|Any CPU
		{D58BDDC8-08CE-4128-9CB1-288A1BDA0DF5}.Debug|Any CPU.Build.0 = Debug|Any CPU
		{D58BDDC8-08CE-4128-9CB1-288A1BDA0DF5}.Release|Any CPU.ActiveCfg = Release|Any CPU
		{D58BDDC8-08CE-4128-9CB1-288A1BDA0DF5}.Release|Any CPU.Build.0 = Release|Any CPU
	EndGlobalSection
	GlobalSection(SolutionProperties) = preSolution
		HideSolutionNode = FALSE
	EndGlobalSection
	GlobalSection(ExtensibilityGlobals) = postSolution
		SolutionGuid = {96EF3AD0-D954-403C-95F0-FC53B074393C}
	EndGlobalSection
EndGlobal
