
Microsoft Visual Studio Solution File, Format Version 12.00
# Visual Studio Version 17
VisualStudioVersion = 17.8.34309.116
MinimumVisualStudioVersion = 10.0.40219.1
Project("{9A19103F-16F7-4668-BE54-9A1E7A4F7556}") = "Movies.Api", "Movies.Api\Movies.Api.csproj", "{1C8A662A-F060-47F5-A3BA-5AF4A90231C8}"
EndProject
Project("{9A19103F-16F7-4668-BE54-9A1E7A4F7556}") = "Movies.Application", "Movies.Application\Movies.Application.csproj", "{ED4DCC5C-A31C-4085-BD44-A34F34916855}"
EndProject
Project("{9A19103F-16F7-4668-BE54-9A1E7A4F7556}") = "Movies.Contracts", "Movies.Contracts\Movies.Contracts.csproj", "{D58BDDC8-08CE-4128-9CB1-288A1BDA0DF5}"
EndProject
Project("{9A19103F-16F7-4668-BE54-9A1E7A4F7556}") = "Movies.Identity", "Movies.Identity\Movies.Identity.csproj", "{B7134B3F-01D4-42B5-B5BA-2BBDA9A0AF68}"
EndProject
Project("{2150E333-8FDC-42A3-9474-1A3956D46DE8}") = "Pipeline", "Pipeline", "{43E1FBBB-7111-4118-941C-0D76E766E415}"
	ProjectSection(SolutionItems) = preProject
		pipeline.yml = pipeline.yml
	EndProjectSection
EndProject
Global
	GlobalSection(SolutionConfigurationPlatforms) = preSolution
		Debug|Any CPU = Debug|Any CPU
		Release|Any CPU = Release|Any CPU
	EndGlobalSection
	GlobalSection(ProjectConfigurationPlatforms) = postSolution
		{1C8A662A-F060-47F5-A3BA-5AF4A90231C8}.Debug|Any CPU.ActiveCfg = Debug|Any CPU
		{1C8A662A-F060-47F5-A3BA-5AF4A90231C8}.Debug|Any CPU.Build.0 = Debug|Any CPU
		{1C8A662A-F060-47F5-A3BA-5AF4A90231C8}.Release|Any CPU.ActiveCfg = Release|Any CPU
		{1C8A662A-F060-47F5-A3BA-5AF4A90231C8}.Release|Any CPU.Build.0 = Release|Any CPU
		{ED4DCC5C-A31C-4085-BD44-A34F34916855}.Debug|Any CPU.ActiveCfg = Debug|Any CPU
		{ED4DCC5C-A31C-4085-BD44-A34F34916855}.Debug|Any CPU.Build.0 = Debug|Any CPU
		{ED4DCC5C-A31C-4085-BD44-A34F34916855}.Release|Any CPU.ActiveCfg = Release|Any CPU
		{ED4DCC5C-A31C-4085-BD44-A34F34916855}.Release|Any CPU.Build.0 = Release|Any CPU
		{D58BDDC8-08CE-4128-9CB1-288A1BDA0DF5}.Debug|Any CPU.ActiveCfg = Debug|Any CPU
		{D58BDDC8-08CE-4128-9CB1-288A1BDA0DF5}.Debug|Any CPU.Build.0 = Debug|Any CPU
		{D58BDDC8-08CE-4128-9CB1-288A1BDA0DF5}.Release|Any CPU.ActiveCfg = Release|Any CPU
		{D58BDDC8-08CE-4128-9CB1-288A1BDA0DF5}.Release|Any CPU.Build.0 = Release|Any CPU
		{B7134B3F-01D4-42B5-B5BA-2BBDA9A0AF68}.Debug|Any CPU.ActiveCfg = Debug|Any CPU
		{B7134B3F-01D4-42B5-B5BA-2BBDA9A0AF68}.Debug|Any CPU.Build.0 = Debug|Any CPU
		{B7134B3F-01D4-42B5-B5BA-2BBDA9A0AF68}.Release|Any CPU.ActiveCfg = Release|Any CPU
		{B7134B3F-01D4-42B5-B5BA-2BBDA9A0AF68}.Release|Any CPU.Build.0 = Release|Any CPU
	EndGlobalSection
	GlobalSection(SolutionProperties) = preSolution
		HideSolutionNode = FALSE
	EndGlobalSection
	GlobalSection(ExtensibilityGlobals) = postSolution
		SolutionGuid = {96EF3AD0-D954-403C-95F0-FC53B074393C}
	EndGlobalSection
EndGlobal
